
Microsoft Visual Studio Solution File, Format Version 12.00
# Visual Studio Version 17
VisualStudioVersion = 17.9.34728.123
MinimumVisualStudioVersion = 10.0.40219.1
Project("{FAE04EC0-301F-11D3-BF4B-00C04F79EFBC}") = "ContactBookManagement", "ContactBookManagement\ContactBookManagement.csproj", "{9E12BFF2-43DB-483F-ACAB-46F8612E2C70}"
EndProject
Global
	GlobalSection(SolutionConfigurationPlatforms) = preSolution
		Debug|Any CPU = Debug|Any CPU
		Release|Any CPU = Release|Any CPU
	EndGlobalSection
	GlobalSection(ProjectConfigurationPlatforms) = postSolution
		{9E12BFF2-43DB-483F-ACAB-46F8612E2C70}.Debug|Any CPU.ActiveCfg = Debug|Any CPU
		{9E12BFF2-43DB-483F-ACAB-46F8612E2C70}.Debug|Any CPU.Build.0 = Debug|Any CPU
		{9E12BFF2-43DB-483F-ACAB-46F8612E2C70}.Release|Any CPU.ActiveCfg = Release|Any CPU
		{9E12BFF2-43DB-483F-ACAB-46F8612E2C70}.Release|Any CPU.Build.0 = Release|Any CPU
	EndGlobalSection
	GlobalSection(SolutionProperties) = preSolution
		HideSolutionNode = FALSE
	EndGlobalSection
	GlobalSection(ExtensibilityGlobals) = postSolution
		SolutionGuid = {A3019FA9-767A-47D9-861B-4E60950519F7}
	EndGlobalSection
EndGlobal
